
Microsoft Visual Studio Solution File, Format Version 12.00
# Visual Studio Version 17
VisualStudioVersion = 17.4.33403.182
MinimumVisualStudioVersion = 10.0.40219.1
Project("{FAE04EC0-301F-11D3-BF4B-00C04F79EFBC}") = "Financedemystefied", "Financedemystefied\Financedemystefied.csproj", "{93BEFFBB-AE16-474B-8880-7DF7C633351A}"
EndProject
Global
	GlobalSection(SolutionConfigurationPlatforms) = preSolution
		Debug|Any CPU = Debug|Any CPU
		Release|Any CPU = Release|Any CPU
	EndGlobalSection
	GlobalSection(ProjectConfigurationPlatforms) = postSolution
		{93BEFFBB-AE16-474B-8880-7DF7C633351A}.Debug|Any CPU.ActiveCfg = Debug|Any CPU
		{93BEFFBB-AE16-474B-8880-7DF7C633351A}.Debug|Any CPU.Build.0 = Debug|Any CPU
		{93BEFFBB-AE16-474B-8880-7DF7C633351A}.Release|Any CPU.ActiveCfg = Release|Any CPU
		{93BEFFBB-AE16-474B-8880-7DF7C633351A}.Release|Any CPU.Build.0 = Release|Any CPU
	EndGlobalSection
	GlobalSection(SolutionProperties) = preSolution
		HideSolutionNode = FALSE
	EndGlobalSection
	GlobalSection(ExtensibilityGlobals) = postSolution
		SolutionGuid = {49C0C1C2-96EE-4FCD-8ADE-337F5FE70C83}
	EndGlobalSection
EndGlobal
